// !$*UTF8*$!
{
	archiveVersion = 1;
	classes = {
	};
	objectVersion = 51;
	objects = {

/* Begin PBXBuildFile section */
		077714FE244B3405005EF19E /* CharVCViewController.swift in Sources */ = {isa = PBXBuildFile; fileRef = 077714FD244B3405005EF19E /* CharVCViewController.swift */; };
		2B485CF3AE150AB3534709CC /* Pods_FinancialAssist.framework in Frameworks */ = {isa = PBXBuildFile; fileRef = 11E21DE18EC7E53C60D8CF7A /* Pods_FinancialAssist.framework */; };
		F816DE9924450D540020D10C /* DateToString.swift in Sources */ = {isa = PBXBuildFile; fileRef = F816DE9824450D540020D10C /* DateToString.swift */; };
		F8175D452448CDB100CCF0AD /* Category.swift in Sources */ = {isa = PBXBuildFile; fileRef = F8175D442448CDB100CCF0AD /* Category.swift */; };
		F81F1E7F244B3E5A008044E8 /* CategoryCustomCell.swift in Sources */ = {isa = PBXBuildFile; fileRef = F81F1E7E244B3E5A008044E8 /* CategoryCustomCell.swift */; };
		F81F1E83244B4250008044E8 /* CategorysViewController.swift in Sources */ = {isa = PBXBuildFile; fileRef = F81F1E82244B4250008044E8 /* CategorysViewController.swift */; };
		F81F1E87244B44E5008044E8 /* Main.storyboard in Resources */ = {isa = PBXBuildFile; fileRef = F81F1E86244B44E5008044E8 /* Main.storyboard */; };
		F82D18F62415607F00B57DA4 /* MainViewController.swift in Sources */ = {isa = PBXBuildFile; fileRef = F82D18F52415607F00B57DA4 /* MainViewController.swift */; };
		F87CBBEA24193B7200DE2256 /* TransactionCell.swift in Sources */ = {isa = PBXBuildFile; fileRef = F87CBBE924193B7200DE2256 /* TransactionCell.swift */; };
		F8AAAA2624111D1700CCEE02 /* AppDelegate.swift in Sources */ = {isa = PBXBuildFile; fileRef = F8AAAA2524111D1700CCEE02 /* AppDelegate.swift */; };
		F8AAAA2D24111D1800CCEE02 /* Assets.xcassets in Resources */ = {isa = PBXBuildFile; fileRef = F8AAAA2C24111D1800CCEE02 /* Assets.xcassets */; };
		F8AAAA3024111D1800CCEE02 /* LaunchScreen.storyboard in Resources */ = {isa = PBXBuildFile; fileRef = F8AAAA2E24111D1800CCEE02 /* LaunchScreen.storyboard */; };
		F8AAAA3824111E7F00CCEE02 /* Transaction.swift in Sources */ = {isa = PBXBuildFile; fileRef = F8AAAA3724111E7F00CCEE02 /* Transaction.swift */; };
		F8AAAA402411A5CC00CCEE02 /* StorageManager.swift in Sources */ = {isa = PBXBuildFile; fileRef = F8AAAA3F2411A5CC00CCEE02 /* StorageManager.swift */; };
		F8F33E9E241AC37200C87001 /* AddTransaction.swift in Sources */ = {isa = PBXBuildFile; fileRef = F8F33E9D241AC37200C87001 /* AddTransaction.swift */; };
/* End PBXBuildFile section */

/* Begin PBXCopyFilesBuildPhase section */
		F860E0AA24479AB500C2382F /* Embed Frameworks */ = {
			isa = PBXCopyFilesBuildPhase;
			buildActionMask = 2147483647;
			dstPath = "";
			dstSubfolderSpec = 10;
			files = (
			);
			name = "Embed Frameworks";
			runOnlyForDeploymentPostprocessing = 0;
		};
/* End PBXCopyFilesBuildPhase section */

/* Begin PBXFileReference section */
		077714FD244B3405005EF19E /* CharVCViewController.swift */ = {isa = PBXFileReference; lastKnownFileType = sourcecode.swift; path = CharVCViewController.swift; sourceTree = "<group>"; };
		11E21DE18EC7E53C60D8CF7A /* Pods_FinancialAssist.framework */ = {isa = PBXFileReference; explicitFileType = wrapper.framework; includeInIndex = 0; path = Pods_FinancialAssist.framework; sourceTree = BUILT_PRODUCTS_DIR; };
		767928072596AFE31565D149 /* Pods-FinancialAssist.release.xcconfig */ = {isa = PBXFileReference; includeInIndex = 1; lastKnownFileType = text.xcconfig; name = "Pods-FinancialAssist.release.xcconfig"; path = "Target Support Files/Pods-FinancialAssist/Pods-FinancialAssist.release.xcconfig"; sourceTree = "<group>"; };
		F816DE9824450D540020D10C /* DateToString.swift */ = {isa = PBXFileReference; lastKnownFileType = sourcecode.swift; path = DateToString.swift; sourceTree = "<group>"; };
		F8175D442448CDB100CCF0AD /* Category.swift */ = {isa = PBXFileReference; lastKnownFileType = sourcecode.swift; path = Category.swift; sourceTree = "<group>"; };
		F81F1E7E244B3E5A008044E8 /* CategoryCustomCell.swift */ = {isa = PBXFileReference; lastKnownFileType = sourcecode.swift; path = CategoryCustomCell.swift; sourceTree = "<group>"; };
		F81F1E82244B4250008044E8 /* CategorysViewController.swift */ = {isa = PBXFileReference; lastKnownFileType = sourcecode.swift; path = CategorysViewController.swift; sourceTree = "<group>"; };
		F81F1E86244B44E5008044E8 /* Main.storyboard */ = {isa = PBXFileReference; fileEncoding = 4; lastKnownFileType = file.storyboard; path = Main.storyboard; sourceTree = "<group>"; };
		F82D18F52415607F00B57DA4 /* MainViewController.swift */ = {isa = PBXFileReference; lastKnownFileType = sourcecode.swift; path = MainViewController.swift; sourceTree = "<group>"; };
		F87CBBE924193B7200DE2256 /* TransactionCell.swift */ = {isa = PBXFileReference; lastKnownFileType = sourcecode.swift; path = TransactionCell.swift; sourceTree = "<group>"; };
		F8AAAA2224111D1700CCEE02 /* FinancialAssist.app */ = {isa = PBXFileReference; explicitFileType = wrapper.application; includeInIndex = 0; path = FinancialAssist.app; sourceTree = BUILT_PRODUCTS_DIR; };
		F8AAAA2524111D1700CCEE02 /* AppDelegate.swift */ = {isa = PBXFileReference; lastKnownFileType = sourcecode.swift; path = AppDelegate.swift; sourceTree = "<group>"; };
		F8AAAA2C24111D1800CCEE02 /* Assets.xcassets */ = {isa = PBXFileReference; lastKnownFileType = folder.assetcatalog; path = Assets.xcassets; sourceTree = "<group>"; };
		F8AAAA2F24111D1800CCEE02 /* Base */ = {isa = PBXFileReference; lastKnownFileType = file.storyboard; name = Base; path = Base.lproj/LaunchScreen.storyboard; sourceTree = "<group>"; };
		F8AAAA3124111D1800CCEE02 /* Info.plist */ = {isa = PBXFileReference; lastKnownFileType = text.plist.xml; path = Info.plist; sourceTree = "<group>"; };
		F8AAAA3724111E7F00CCEE02 /* Transaction.swift */ = {isa = PBXFileReference; lastKnownFileType = sourcecode.swift; path = Transaction.swift; sourceTree = "<group>"; };
		F8AAAA3F2411A5CC00CCEE02 /* StorageManager.swift */ = {isa = PBXFileReference; lastKnownFileType = sourcecode.swift; path = StorageManager.swift; sourceTree = "<group>"; };
		F8F33E9D241AC37200C87001 /* AddTransaction.swift */ = {isa = PBXFileReference; lastKnownFileType = sourcecode.swift; path = AddTransaction.swift; sourceTree = "<group>"; };
		FABF886EB87230CAB9CAC1CB /* Pods-FinancialAssist.debug.xcconfig */ = {isa = PBXFileReference; includeInIndex = 1; lastKnownFileType = text.xcconfig; name = "Pods-FinancialAssist.debug.xcconfig"; path = "Target Support Files/Pods-FinancialAssist/Pods-FinancialAssist.debug.xcconfig"; sourceTree = "<group>"; };
/* End PBXFileReference section */

/* Begin PBXFrameworksBuildPhase section */
		F8AAAA1F24111D1700CCEE02 /* Frameworks */ = {
			isa = PBXFrameworksBuildPhase;
			buildActionMask = 2147483647;
			files = (
				2B485CF3AE150AB3534709CC /* Pods_FinancialAssist.framework in Frameworks */,
			);
			runOnlyForDeploymentPostprocessing = 0;
		};
/* End PBXFrameworksBuildPhase section */

/* Begin PBXGroup section */
		9C1262FC9FC08E93AAC1EB7D /* Pods */ = {
			isa = PBXGroup;
			children = (
				FABF886EB87230CAB9CAC1CB /* Pods-FinancialAssist.debug.xcconfig */,
				767928072596AFE31565D149 /* Pods-FinancialAssist.release.xcconfig */,
			);
			path = Pods;
			sourceTree = "<group>";
		};
		B00DD9648FB7F9C8FCCB4784 /* Frameworks */ = {
			isa = PBXGroup;
			children = (
				11E21DE18EC7E53C60D8CF7A /* Pods_FinancialAssist.framework */,
			);
			name = Frameworks;
			sourceTree = "<group>";
		};
		F816DE9A24450DD40020D10C /* Model */ = {
			isa = PBXGroup;
			children = (
			);
			path = Model;
			sourceTree = "<group>";
		};
		F816DE9B24450DDC0020D10C /* View */ = {
			isa = PBXGroup;
			children = (
				F8AAAA2E24111D1800CCEE02 /* LaunchScreen.storyboard */,
				F81F1E86244B44E5008044E8 /* Main.storyboard */,
			);
			path = View;
			sourceTree = "<group>";
		};
		F816DE9C24450DED0020D10C /* Controller */ = {
			isa = PBXGroup;
			children = (
				F8F33E9D241AC37200C87001 /* AddTransaction.swift */,
				F82D18F52415607F00B57DA4 /* MainViewController.swift */,
				077714FD244B3405005EF19E /* CharVCViewController.swift */,
				F81F1E82244B4250008044E8 /* CategorysViewController.swift */,
			);
			path = Controller;
			sourceTree = "<group>";
		};
		F8175D3F2448CCC200CCF0AD /* Application */ = {
			isa = PBXGroup;
			children = (
				F8AAAA2524111D1700CCEE02 /* AppDelegate.swift */,
			);
			path = Application;
			sourceTree = "<group>";
		};
		F8175D402448CCE400CCF0AD /* MVC */ = {
			isa = PBXGroup;
			children = (
				F816DE9A24450DD40020D10C /* Model */,
				F816DE9B24450DDC0020D10C /* View */,
				F816DE9C24450DED0020D10C /* Controller */,
			);
			path = MVC;
			sourceTree = "<group>";
		};
		F8175D412448CD6300CCF0AD /* Classes */ = {
			isa = PBXGroup;
			children = (
				F8175D482448CE6900CCF0AD /* Custom Cells */,
				F8175D472448CE2900CCF0AD /* DateFunction */,
				F8175D462448CE0F00CCF0AD /* Manager */,
				F8175D432448CD8D00CCF0AD /* Category */,
				F8175D422448CD8100CCF0AD /* Transaction */,
			);
			path = Classes;
			sourceTree = "<group>";
		};
		F8175D422448CD8100CCF0AD /* Transaction */ = {
			isa = PBXGroup;
			children = (
				F8AAAA3724111E7F00CCEE02 /* Transaction.swift */,
			);
			path = Transaction;
			sourceTree = "<group>";
		};
		F8175D432448CD8D00CCF0AD /* Category */ = {
			isa = PBXGroup;
			children = (
				F8175D442448CDB100CCF0AD /* Category.swift */,
			);
			path = Category;
			sourceTree = "<group>";
		};
		F8175D462448CE0F00CCF0AD /* Manager */ = {
			isa = PBXGroup;
			children = (
				F8AAAA3F2411A5CC00CCEE02 /* StorageManager.swift */,
			);
			path = Manager;
			sourceTree = "<group>";
		};
		F8175D472448CE2900CCF0AD /* DateFunction */ = {
			isa = PBXGroup;
			children = (
				F816DE9824450D540020D10C /* DateToString.swift */,
			);
			path = DateFunction;
			sourceTree = "<group>";
		};
		F8175D482448CE6900CCF0AD /* Custom Cells */ = {
			isa = PBXGroup;
			children = (
				F87CBBE924193B7200DE2256 /* TransactionCell.swift */,
				F81F1E7E244B3E5A008044E8 /* CategoryCustomCell.swift */,
			);
			path = "Custom Cells";
			sourceTree = "<group>";
		};
		F8175D492448CECA00CCF0AD /* Sources */ = {
			isa = PBXGroup;
			children = (
				F8AAAA2C24111D1800CCEE02 /* Assets.xcassets */,
				F8AAAA3124111D1800CCEE02 /* Info.plist */,
			);
			path = Sources;
			sourceTree = "<group>";
		};
		F8AAAA1924111D1600CCEE02 = {
			isa = PBXGroup;
			children = (
				F8AAAA2424111D1700CCEE02 /* FinancialAssist */,
				F8AAAA2324111D1700CCEE02 /* Products */,
				9C1262FC9FC08E93AAC1EB7D /* Pods */,
				B00DD9648FB7F9C8FCCB4784 /* Frameworks */,
			);
			sourceTree = "<group>";
		};
		F8AAAA2324111D1700CCEE02 /* Products */ = {
			isa = PBXGroup;
			children = (
				F8AAAA2224111D1700CCEE02 /* FinancialAssist.app */,
			);
			name = Products;
			sourceTree = "<group>";
		};
		F8AAAA2424111D1700CCEE02 /* FinancialAssist */ = {
			isa = PBXGroup;
			children = (
				F8175D3F2448CCC200CCF0AD /* Application */,
				F8175D402448CCE400CCF0AD /* MVC */,
				F8175D412448CD6300CCF0AD /* Classes */,
				F8175D492448CECA00CCF0AD /* Sources */,
			);
			path = FinancialAssist;
			sourceTree = "<group>";
		};
/* End PBXGroup section */

/* Begin PBXNativeTarget section */
		F8AAAA2124111D1700CCEE02 /* FinancialAssist */ = {
			isa = PBXNativeTarget;
			buildConfigurationList = F8AAAA3424111D1800CCEE02 /* Build configuration list for PBXNativeTarget "FinancialAssist" */;
			buildPhases = (
				EA26F704826861BCC9CD4E37 /* [CP] Check Pods Manifest.lock */,
				F8AAAA1E24111D1700CCEE02 /* Sources */,
				F8AAAA1F24111D1700CCEE02 /* Frameworks */,
				F8AAAA2024111D1700CCEE02 /* Resources */,
				2A7FD355B24BA9AF88B6BC20 /* [CP] Embed Pods Frameworks */,
				F860E0AA24479AB500C2382F /* Embed Frameworks */,
			);
			buildRules = (
			);
			dependencies = (
			);
			name = FinancialAssist;
			productName = FinancialAssist;
			productReference = F8AAAA2224111D1700CCEE02 /* FinancialAssist.app */;
			productType = "com.apple.product-type.application";
		};
/* End PBXNativeTarget section */

/* Begin PBXProject section */
		F8AAAA1A24111D1600CCEE02 /* Project object */ = {
			isa = PBXProject;
			attributes = {
				LastSwiftUpdateCheck = 1010;
				LastUpgradeCheck = 1010;
				ORGANIZATIONNAME = "Slava Kuzmitsky";
				TargetAttributes = {
					F8AAAA2124111D1700CCEE02 = {
						CreatedOnToolsVersion = 10.1;
					};
				};
			};
			buildConfigurationList = F8AAAA1D24111D1600CCEE02 /* Build configuration list for PBXProject "FinancialAssist" */;
			compatibilityVersion = "Xcode 9.3";
			developmentRegion = en;
			hasScannedForEncodings = 0;
			knownRegions = (
				en,
				Base,
			);
			mainGroup = F8AAAA1924111D1600CCEE02;
			productRefGroup = F8AAAA2324111D1700CCEE02 /* Products */;
			projectDirPath = "";
			projectRoot = "";
			targets = (
				F8AAAA2124111D1700CCEE02 /* FinancialAssist */,
			);
		};
/* End PBXProject section */

/* Begin PBXResourcesBuildPhase section */
		F8AAAA2024111D1700CCEE02 /* Resources */ = {
			isa = PBXResourcesBuildPhase;
			buildActionMask = 2147483647;
			files = (
				F81F1E87244B44E5008044E8 /* Main.storyboard in Resources */,
				F8AAAA3024111D1800CCEE02 /* LaunchScreen.storyboard in Resources */,
				F8AAAA2D24111D1800CCEE02 /* Assets.xcassets in Resources */,
			);
			runOnlyForDeploymentPostprocessing = 0;
		};
/* End PBXResourcesBuildPhase section */

/* Begin PBXShellScriptBuildPhase section */
		2A7FD355B24BA9AF88B6BC20 /* [CP] Embed Pods Frameworks */ = {
			isa = PBXShellScriptBuildPhase;
			buildActionMask = 2147483647;
			files = (
			);
			inputFileListPaths = (
				"${PODS_ROOT}/Target Support Files/Pods-FinancialAssist/Pods-FinancialAssist-frameworks-${CONFIGURATION}-input-files.xcfilelist",
			);
			name = "[CP] Embed Pods Frameworks";
			outputFileListPaths = (
				"${PODS_ROOT}/Target Support Files/Pods-FinancialAssist/Pods-FinancialAssist-frameworks-${CONFIGURATION}-output-files.xcfilelist",
			);
			runOnlyForDeploymentPostprocessing = 0;
			shellPath = /bin/sh;
			shellScript = "\"${PODS_ROOT}/Target Support Files/Pods-FinancialAssist/Pods-FinancialAssist-frameworks.sh\"\n";
			showEnvVarsInLog = 0;
		};
		EA26F704826861BCC9CD4E37 /* [CP] Check Pods Manifest.lock */ = {
			isa = PBXShellScriptBuildPhase;
			buildActionMask = 2147483647;
			files = (
			);
			inputFileListPaths = (
			);
			inputPaths = (
				"${PODS_PODFILE_DIR_PATH}/Podfile.lock",
				"${PODS_ROOT}/Manifest.lock",
			);
			name = "[CP] Check Pods Manifest.lock";
			outputFileListPaths = (
			);
			outputPaths = (
				"$(DERIVED_FILE_DIR)/Pods-FinancialAssist-checkManifestLockResult.txt",
			);
			runOnlyForDeploymentPostprocessing = 0;
			shellPath = /bin/sh;
			shellScript = "diff \"${PODS_PODFILE_DIR_PATH}/Podfile.lock\" \"${PODS_ROOT}/Manifest.lock\" > /dev/null\nif [ $? != 0 ] ; then\n    # print error to STDERR\n    echo \"error: The sandbox is not in sync with the Podfile.lock. Run 'pod install' or update your CocoaPods installation.\" >&2\n    exit 1\nfi\n# This output is used by Xcode 'outputs' to avoid re-running this script phase.\necho \"SUCCESS\" > \"${SCRIPT_OUTPUT_FILE_0}\"\n";
			showEnvVarsInLog = 0;
		};
/* End PBXShellScriptBuildPhase section */

/* Begin PBXSourcesBuildPhase section */
		F8AAAA1E24111D1700CCEE02 /* Sources */ = {
			isa = PBXSourcesBuildPhase;
			buildActionMask = 2147483647;
			files = (
				F87CBBEA24193B7200DE2256 /* TransactionCell.swift in Sources */,
				F8F33E9E241AC37200C87001 /* AddTransaction.swift in Sources */,
				F81F1E7F244B3E5A008044E8 /* CategoryCustomCell.swift in Sources */,
				F81F1E83244B4250008044E8 /* CategorysViewController.swift in Sources */,
				F82D18F62415607F00B57DA4 /* MainViewController.swift in Sources */,
				F8AAAA3824111E7F00CCEE02 /* Transaction.swift in Sources */,
				F8AAAA402411A5CC00CCEE02 /* StorageManager.swift in Sources */,
				F816DE9924450D540020D10C /* DateToString.swift in Sources */,
				077714FE244B3405005EF19E /* CharVCViewController.swift in Sources */,
				F8AAAA2624111D1700CCEE02 /* AppDelegate.swift in Sources */,
				F8175D452448CDB100CCF0AD /* Category.swift in Sources */,
			);
			runOnlyForDeploymentPostprocessing = 0;
		};
/* End PBXSourcesBuildPhase section */

/* Begin PBXVariantGroup section */
		F8AAAA2E24111D1800CCEE02 /* LaunchScreen.storyboard */ = {
			isa = PBXVariantGroup;
			children = (
				F8AAAA2F24111D1800CCEE02 /* Base */,
			);
			name = LaunchScreen.storyboard;
			sourceTree = "<group>";
		};
/* End PBXVariantGroup section */

/* Begin XCBuildConfiguration section */
		F8AAAA3224111D1800CCEE02 /* Debug */ = {
			isa = XCBuildConfiguration;
			buildSettings = {
				ALWAYS_SEARCH_USER_PATHS = NO;
				CLANG_ANALYZER_NONNULL = YES;
				CLANG_ANALYZER_NUMBER_OBJECT_CONVERSION = YES_AGGRESSIVE;
				CLANG_CXX_LANGUAGE_STANDARD = "gnu++14";
				CLANG_CXX_LIBRARY = "libc++";
				CLANG_ENABLE_MODULES = YES;
				CLANG_ENABLE_OBJC_ARC = YES;
				CLANG_ENABLE_OBJC_WEAK = YES;
				CLANG_WARN_BLOCK_CAPTURE_AUTORELEASING = YES;
				CLANG_WARN_BOOL_CONVERSION = YES;
				CLANG_WARN_COMMA = YES;
				CLANG_WARN_CONSTANT_CONVERSION = YES;
				CLANG_WARN_DEPRECATED_OBJC_IMPLEMENTATIONS = YES;
				CLANG_WARN_DIRECT_OBJC_ISA_USAGE = YES_ERROR;
				CLANG_WARN_DOCUMENTATION_COMMENTS = YES;
				CLANG_WARN_EMPTY_BODY = YES;
				CLANG_WARN_ENUM_CONVERSION = YES;
				CLANG_WARN_INFINITE_RECURSION = YES;
				CLANG_WARN_INT_CONVERSION = YES;
				CLANG_WARN_NON_LITERAL_NULL_CONVERSION = YES;
				CLANG_WARN_OBJC_IMPLICIT_RETAIN_SELF = YES;
				CLANG_WARN_OBJC_LITERAL_CONVERSION = YES;
				CLANG_WARN_OBJC_ROOT_CLASS = YES_ERROR;
				CLANG_WARN_RANGE_LOOP_ANALYSIS = YES;
				CLANG_WARN_STRICT_PROTOTYPES = YES;
				CLANG_WARN_SUSPICIOUS_MOVE = YES;
				CLANG_WARN_UNGUARDED_AVAILABILITY = YES_AGGRESSIVE;
				CLANG_WARN_UNREACHABLE_CODE = YES;
				CLANG_WARN__DUPLICATE_METHOD_MATCH = YES;
				CODE_SIGN_IDENTITY = "iPhone Developer";
				COPY_PHASE_STRIP = NO;
				DEBUG_INFORMATION_FORMAT = dwarf;
				ENABLE_STRICT_OBJC_MSGSEND = YES;
				ENABLE_TESTABILITY = YES;
				GCC_C_LANGUAGE_STANDARD = gnu11;
				GCC_DYNAMIC_NO_PIC = NO;
				GCC_NO_COMMON_BLOCKS = YES;
				GCC_OPTIMIZATION_LEVEL = 0;
				GCC_PREPROCESSOR_DEFINITIONS = (
					"DEBUG=1",
					"$(inherited)",
				);
				GCC_WARN_64_TO_32_BIT_CONVERSION = YES;
				GCC_WARN_ABOUT_RETURN_TYPE = YES_ERROR;
				GCC_WARN_UNDECLARED_SELECTOR = YES;
				GCC_WARN_UNINITIALIZED_AUTOS = YES_AGGRESSIVE;
				GCC_WARN_UNUSED_FUNCTION = YES;
				GCC_WARN_UNUSED_VARIABLE = YES;
				IPHONEOS_DEPLOYMENT_TARGET = 12.1;
				MTL_ENABLE_DEBUG_INFO = INCLUDE_SOURCE;
				MTL_FAST_MATH = YES;
				ONLY_ACTIVE_ARCH = YES;
				SDKROOT = iphoneos;
				SWIFT_ACTIVE_COMPILATION_CONDITIONS = DEBUG;
				SWIFT_OPTIMIZATION_LEVEL = "-Onone";
			};
			name = Debug;
		};
		F8AAAA3324111D1800CCEE02 /* Release */ = {
			isa = XCBuildConfiguration;
			buildSettings = {
				ALWAYS_SEARCH_USER_PATHS = NO;
				CLANG_ANALYZER_NONNULL = YES;
				CLANG_ANALYZER_NUMBER_OBJECT_CONVERSION = YES_AGGRESSIVE;
				CLANG_CXX_LANGUAGE_STANDARD = "gnu++14";
				CLANG_CXX_LIBRARY = "libc++";
				CLANG_ENABLE_MODULES = YES;
				CLANG_ENABLE_OBJC_ARC = YES;
				CLANG_ENABLE_OBJC_WEAK = YES;
				CLANG_WARN_BLOCK_CAPTURE_AUTORELEASING = YES;
				CLANG_WARN_BOOL_CONVERSION = YES;
				CLANG_WARN_COMMA = YES;
				CLANG_WARN_CONSTANT_CONVERSION = YES;
				CLANG_WARN_DEPRECATED_OBJC_IMPLEMENTATIONS = YES;
				CLANG_WARN_DIRECT_OBJC_ISA_USAGE = YES_ERROR;
				CLANG_WARN_DOCUMENTATION_COMMENTS = YES;
				CLANG_WARN_EMPTY_BODY = YES;
				CLANG_WARN_ENUM_CONVERSION = YES;
				CLANG_WARN_INFINITE_RECURSION = YES;
				CLANG_WARN_INT_CONVERSION = YES;
				CLANG_WARN_NON_LITERAL_NULL_CONVERSION = YES;
				CLANG_WARN_OBJC_IMPLICIT_RETAIN_SELF = YES;
				CLANG_WARN_OBJC_LITERAL_CONVERSION = YES;
				CLANG_WARN_OBJC_ROOT_CLASS = YES_ERROR;
				CLANG_WARN_RANGE_LOOP_ANALYSIS = YES;
				CLANG_WARN_STRICT_PROTOTYPES = YES;
				CLANG_WARN_SUSPICIOUS_MOVE = YES;
				CLANG_WARN_UNGUARDED_AVAILABILITY = YES_AGGRESSIVE;
				CLANG_WARN_UNREACHABLE_CODE = YES;
				CLANG_WARN__DUPLICATE_METHOD_MATCH = YES;
				CODE_SIGN_IDENTITY = "iPhone Developer";
				COPY_PHASE_STRIP = NO;
				DEBUG_INFORMATION_FORMAT = "dwarf-with-dsym";
				ENABLE_NS_ASSERTIONS = NO;
				ENABLE_STRICT_OBJC_MSGSEND = YES;
				GCC_C_LANGUAGE_STANDARD = gnu11;
				GCC_NO_COMMON_BLOCKS = YES;
				GCC_WARN_64_TO_32_BIT_CONVERSION = YES;
				GCC_WARN_ABOUT_RETURN_TYPE = YES_ERROR;
				GCC_WARN_UNDECLARED_SELECTOR = YES;
				GCC_WARN_UNINITIALIZED_AUTOS = YES_AGGRESSIVE;
				GCC_WARN_UNUSED_FUNCTION = YES;
				GCC_WARN_UNUSED_VARIABLE = YES;
				IPHONEOS_DEPLOYMENT_TARGET = 12.1;
				MTL_ENABLE_DEBUG_INFO = NO;
				MTL_FAST_MATH = YES;
				SDKROOT = iphoneos;
				SWIFT_COMPILATION_MODE = wholemodule;
				SWIFT_OPTIMIZATION_LEVEL = "-O";
				VALIDATE_PRODUCT = YES;
			};
			name = Release;
		};
		F8AAAA3524111D1800CCEE02 /* Debug */ = {
			isa = XCBuildConfiguration;
			baseConfigurationReference = FABF886EB87230CAB9CAC1CB /* Pods-FinancialAssist.debug.xcconfig */;
			buildSettings = {
				ASSETCATALOG_COMPILER_APPICON_NAME = AppIcon;
				CODE_SIGN_STYLE = Automatic;
				DEVELOPMENT_TEAM = 22FS43YD3C;
				FRAMEWORK_SEARCH_PATHS = (
					"$(inherited)",
					"$(PROJECT_DIR)",
				);
				INFOPLIST_FILE = "$(SRCROOT)/FinancialAssist/Sources/Info.plist";
				IPHONEOS_DEPLOYMENT_TARGET = 12.1;
				LD_RUNPATH_SEARCH_PATHS = (
					"$(inherited)",
					"@executable_path/Frameworks",
				);
				PRODUCT_BUNDLE_IDENTIFIER = by.vironit.FinancialAssist;
				PRODUCT_NAME = "$(TARGET_NAME)";
				SWIFT_VERSION = 4.2;
				TARGETED_DEVICE_FAMILY = "1,2";
			};
			name = Debug;
		};
		F8AAAA3624111D1800CCEE02 /* Release */ = {
			isa = XCBuildConfiguration;
			baseConfigurationReference = 767928072596AFE31565D149 /* Pods-FinancialAssist.release.xcconfig */;
			buildSettings = {
				ASSETCATALOG_COMPILER_APPICON_NAME = AppIcon;
				CODE_SIGN_STYLE = Automatic;
				DEVELOPMENT_TEAM = 22FS43YD3C;
				FRAMEWORK_SEARCH_PATHS = (
					"$(inherited)",
					"$(PROJECT_DIR)",
				);
				INFOPLIST_FILE = "$(SRCROOT)/FinancialAssist/Sources/Info.plist";
				IPHONEOS_DEPLOYMENT_TARGET = 12.1;
				LD_RUNPATH_SEARCH_PATHS = (
					"$(inherited)",
					"@executable_path/Frameworks",
				);
				PRODUCT_BUNDLE_IDENTIFIER = by.vironit.FinancialAssist;
				PRODUCT_NAME = "$(TARGET_NAME)";
				SWIFT_VERSION = 4.2;
				TARGETED_DEVICE_FAMILY = "1,2";
			};
			name = Release;
		};
/* End XCBuildConfiguration section */

/* Begin XCConfigurationList section */
		F8AAAA1D24111D1600CCEE02 /* Build configuration list for PBXProject "FinancialAssist" */ = {
			isa = XCConfigurationList;
			buildConfigurations = (
				F8AAAA3224111D1800CCEE02 /* Debug */,
				F8AAAA3324111D1800CCEE02 /* Release */,
			);
			defaultConfigurationIsVisible = 0;
			defaultConfigurationName = Release;
		};
		F8AAAA3424111D1800CCEE02 /* Build configuration list for PBXNativeTarget "FinancialAssist" */ = {
			isa = XCConfigurationList;
			buildConfigurations = (
				F8AAAA3524111D1800CCEE02 /* Debug */,
				F8AAAA3624111D1800CCEE02 /* Release */,
			);
			defaultConfigurationIsVisible = 0;
			defaultConfigurationName = Release;
		};
/* End XCConfigurationList section */
	};
	rootObject = F8AAAA1A24111D1600CCEE02 /* Project object */;
}
